# THIS IS AN AUTOGENERATED FILE. DO NOT EDIT THIS FILE DIRECTLY.
# yarn lockfile v1


"@openzeppelin/contracts@4.8.3":
  version "4.8.3"
  resolved "https://registry.yarnpkg.com/@openzeppelin/contracts/-/contracts-4.8.3.tgz#cbef3146bfc570849405f59cba18235da95a252a"
  integrity sha512-bQHV8R9Me8IaJoJ2vPG4rXcL7seB7YVuskr4f+f5RyOStSZetwzkWtoqDMl5erkBJy0lDRUnIR2WIkPiC0GJlg==

"@zoralabs/openzeppelin-contracts-upgradeable@^4.8.4":
  version "4.8.4"
  resolved "https://registry.yarnpkg.com/@zoralabs/openzeppelin-contracts-upgradeable/-/openzeppelin-contracts-upgradeable-4.8.4.tgz#130b69cd5ff70b1f67da11fe53fe8b2323464b84"
  integrity sha512-5vhL88tz00Gv2+NUhLdYBRqb9RRekfyQAodXTQxJU2LYxxy6jr1mPycTZempQ1kmw5wIwFbSIoYzpaxOx6UK6Q==

"@zoralabs/zora-1155-contracts@https://github.com/ourzora/zora-1155-contracts":
  version "1.3.1"
  resolved "https://github.com/ourzora/zora-1155-contracts#48c223cda1ecf7470be45e9a4a205f61754ce607"
  dependencies:
    "@openzeppelin/contracts" "4.8.3"
    "@zoralabs/openzeppelin-contracts-upgradeable" "^4.8.4"
    ds-test "https://github.com/dapphub/ds-test#cd98eff28324bfac652e63a239a60632a761790b"
    forge-std "https://github.com/foundry-rs/forge-std#cd7d533f9a0ee0ec02ad81e0a8f262bc4203c653"

"ds-test@https://github.com/dapphub/ds-test#cd98eff28324bfac652e63a239a60632a761790b":
  version "1.0.0"
  resolved "https://github.com/dapphub/ds-test#cd98eff28324bfac652e63a239a60632a761790b"

"forge-std@https://github.com/foundry-rs/forge-std#cd7d533f9a0ee0ec02ad81e0a8f262bc4203c653":
  version "1.1.1"
  resolved "https://github.com/foundry-rs/forge-std#cd7d533f9a0ee0ec02ad81e0a8f262bc4203c653"

"forge-std@https://github.com/foundry-rs/forge-std#v1.5.6":
  version "1.5.6"
  resolved "https://github.com/foundry-rs/forge-std#e8a047e3f40f13fa37af6fe14e6e06283d9a060e"
